
Microsoft Visual Studio Solution File, Format Version 12.00
# Visual Studio Version 17
VisualStudioVersion = 17.5.002.0
MinimumVisualStudioVersion = 10.0.40219.1
Project("{9A19103F-16F7-4668-BE54-9A1E7A4F7556}") = "HecticFeedbackSharp", "HecticFeedbackSharp\HecticFeedbackSharp.csproj", "{50CB38E9-0C18-4535-B7BC-7F68DF485B0B}"
EndProject
Project("{FAE04EC0-301F-11D3-BF4B-00C04F79EFBC}") = "HecticFeedbackSharpUITest", "HecticFeedbackSharpUITest\HecticFeedbackSharpUITest.csproj", "{DC199B5B-15EC-4420-BC60-A2E2EDF0EF03}"
EndProject
Global
	GlobalSection(SolutionConfigurationPlatforms) = preSolution
		Debug|Any CPU = Debug|Any CPU
		Release|Any CPU = Release|Any CPU
	EndGlobalSection
	GlobalSection(ProjectConfigurationPlatforms) = postSolution
		{50CB38E9-0C18-4535-B7BC-7F68DF485B0B}.Debug|Any CPU.ActiveCfg = Debug|Any CPU
		{50CB38E9-0C18-4535-B7BC-7F68DF485B0B}.Debug|Any CPU.Build.0 = Debug|Any CPU
		{50CB38E9-0C18-4535-B7BC-7F68DF485B0B}.Release|Any CPU.ActiveCfg = Release|Any CPU
		{50CB38E9-0C18-4535-B7BC-7F68DF485B0B}.Release|Any CPU.Build.0 = Release|Any CPU
		{DC199B5B-15EC-4420-BC60-A2E2EDF0EF03}.Debug|Any CPU.ActiveCfg = Debug|Any CPU
		{DC199B5B-15EC-4420-BC60-A2E2EDF0EF03}.Debug|Any CPU.Build.0 = Debug|Any CPU
		{DC199B5B-15EC-4420-BC60-A2E2EDF0EF03}.Release|Any CPU.ActiveCfg = Release|Any CPU
		{DC199B5B-15EC-4420-BC60-A2E2EDF0EF03}.Release|Any CPU.Build.0 = Release|Any CPU
	EndGlobalSection
	GlobalSection(SolutionProperties) = preSolution
		HideSolutionNode = FALSE
	EndGlobalSection
	GlobalSection(ExtensibilityGlobals) = postSolution
		SolutionGuid = {6C868B7D-39B8-47AC-9ECC-E5CAED4F07AD}
	EndGlobalSection
EndGlobal
